
Microsoft Visual Studio Solution File, Format Version 12.00
# Visual Studio Version 17
VisualStudioVersion = 17.11.35222.181
MinimumVisualStudioVersion = 10.0.40219.1
Project("{9A19103F-16F7-4668-BE54-9A1E7A4F7556}") = "CPMSWebAPI", "CPMSWebAPI\CPMSWebAPI.csproj", "{45C8DE56-C164-4BB0-A7B1-240BB2C7A2DD}"
EndProject
Global
	GlobalSection(SolutionConfigurationPlatforms) = preSolution
		Debug|Any CPU = Debug|Any CPU
		Release|Any CPU = Release|Any CPU
	EndGlobalSection
	GlobalSection(ProjectConfigurationPlatforms) = postSolution
		{45C8DE56-C164-4BB0-A7B1-240BB2C7A2DD}.Debug|Any CPU.ActiveCfg = Debug|Any CPU
		{45C8DE56-C164-4BB0-A7B1-240BB2C7A2DD}.Debug|Any CPU.Build.0 = Debug|Any CPU
		{45C8DE56-C164-4BB0-A7B1-240BB2C7A2DD}.Release|Any CPU.ActiveCfg = Release|Any CPU
		{45C8DE56-C164-4BB0-A7B1-240BB2C7A2DD}.Release|Any CPU.Build.0 = Release|Any CPU
	EndGlobalSection
	GlobalSection(SolutionProperties) = preSolution
		HideSolutionNode = FALSE
	EndGlobalSection
	GlobalSection(ExtensibilityGlobals) = postSolution
		SolutionGuid = {1B0C234B-31D0-44C4-BFC3-5B6586A149D4}
	EndGlobalSection
EndGlobal
